{
  "version": 4,
  "terraform_version": "1.10.5",
  "serial": 1,
  "lineage": "62b3f640-7ad5-ec94-e18a-66a52d1d864f",
  "outputs": {},
  "resources": [
    {
      "mode": "managed",
      "type": "local_file",
      "name": "readme",
      "provider": "provider[\"registry.terraform.io/hashicorp/local\"]",
      "instances": [
        {
          "schema_version": 0,
          "attributes": {
            "content": "# Mi primer proyecto Terraform\n\nGenerado automáticamente.\n",
            "content_base64": null,
            "content_base64sha256": "TRsUA0zd9wS9yG/hlsj9nn6sQNra3jQd1ippQA1OqCU=",
            "content_base64sha512": "HPpZdW9xnjnvV4NtqFW27A0nPVL63qKlvJ8OWJTz38Ym2o/fz5lZ0k91pnHcHW/sxcuNomi5Em3pY3P9XpBXZQ==",
            "content_md5": "879296e4ef0a00955d2e23f8314e97fc",
            "content_sha1": "4395d22152e0a8f67e4fca81ab6821ed710e7cd1",
            "content_sha256": "4d1b14034cddf704bdc86fe196c8fd9e7eac40dadade341dd62a69400d4ea825",
            "content_sha512": "1cfa59756f719e39ef57836da855b6ec0d273d52fadea2a5bc9f0e5894f3dfc626da8fdfcf9959d24f75a671dc1d6fecc5cb8da268b9126de96373fd5e905765",
            "directory_permission": "0777",
            "file_permission": "0777",
            "filename": "./output/README.md",
            "id": "4395d22152e0a8f67e4fca81ab6821ed710e7cd1",
            "sensitive_content": null,
            "source": null
          },
          "sensitive_attributes": [
            [
              {
                "type": "get_attr",
                "value": "sensitive_content"
              }
            ]
          ]
        }
      ]
    }
  ],
  "check_results": null
}
